
Microsoft Visual Studio Solution File, Format Version 12.00
# Visual Studio 15
VisualStudioVersion = 15.0.27004.2002
MinimumVisualStudioVersion = 10.0.40219.1
Project("{FAE04EC0-301F-11D3-BF4B-00C04F79EFBC}") = "Lab12", "Lab12\Lab12.csproj", "{8318B9D2-CCC1-419F-90F7-9CBD7FEDF538}"
EndProject
Project("{FAE04EC0-301F-11D3-BF4B-00C04F79EFBC}") = "Modelo", "Modelo\Modelo.csproj", "{183C9630-B33B-46D8-91C5-AA7BEFDC86AF}"
EndProject
Global
	GlobalSection(SolutionConfigurationPlatforms) = preSolution
		Debug|Any CPU = Debug|Any CPU
		Release|Any CPU = Release|Any CPU
	EndGlobalSection
	GlobalSection(ProjectConfigurationPlatforms) = postSolution
		{8318B9D2-CCC1-419F-90F7-9CBD7FEDF538}.Debug|Any CPU.ActiveCfg = Debug|Any CPU
		{8318B9D2-CCC1-419F-90F7-9CBD7FEDF538}.Debug|Any CPU.Build.0 = Debug|Any CPU
		{8318B9D2-CCC1-419F-90F7-9CBD7FEDF538}.Release|Any CPU.ActiveCfg = Release|Any CPU
		{8318B9D2-CCC1-419F-90F7-9CBD7FEDF538}.Release|Any CPU.Build.0 = Release|Any CPU
		{183C9630-B33B-46D8-91C5-AA7BEFDC86AF}.Debug|Any CPU.ActiveCfg = Debug|Any CPU
		{183C9630-B33B-46D8-91C5-AA7BEFDC86AF}.Debug|Any CPU.Build.0 = Debug|Any CPU
		{183C9630-B33B-46D8-91C5-AA7BEFDC86AF}.Release|Any CPU.ActiveCfg = Release|Any CPU
		{183C9630-B33B-46D8-91C5-AA7BEFDC86AF}.Release|Any CPU.Build.0 = Release|Any CPU
	EndGlobalSection
	GlobalSection(SolutionProperties) = preSolution
		HideSolutionNode = FALSE
	EndGlobalSection
	GlobalSection(ExtensibilityGlobals) = postSolution
		SolutionGuid = {5482CF9B-AB8C-4E1D-BCAC-E9B142A6EC87}
	EndGlobalSection
EndGlobal
